
Microsoft Visual Studio Solution File, Format Version 12.00
# Visual Studio Version 16
VisualStudioVersion = 16.0.30225.117
MinimumVisualStudioVersion = 10.0.40219.1
Project("{FAE04EC0-301F-11D3-BF4B-00C04F79EFBC}") = "NoteAppUI", "NoteAppUI\NoteAppUI.csproj", "{1948070D-A5B6-4C40-A632-A151D6F624C6}"
EndProject
Project("{FAE04EC0-301F-11D3-BF4B-00C04F79EFBC}") = "NoteApp", "NoteApp\NoteApp\NoteApp.csproj", "{54FAB595-909F-49C1-8FFF-AAC23089D81C}"
EndProject
Project("{FAE04EC0-301F-11D3-BF4B-00C04F79EFBC}") = "UnitTests", "UnitTests\UnitTests.csproj", "{CE820203-40C9-4AE7-B0C4-9F123F388105}"
EndProject
Project("{FAE04EC0-301F-11D3-BF4B-00C04F79EFBC}") = "Installer", "Installer\Installer.csproj", "{B92ACF8F-1BB8-49C0-9A04-8C02B67C69DF}"
EndProject
Global
	GlobalSection(SolutionConfigurationPlatforms) = preSolution
		Debug|Any CPU = Debug|Any CPU
		Release|Any CPU = Release|Any CPU
	EndGlobalSection
	GlobalSection(ProjectConfigurationPlatforms) = postSolution
		{1948070D-A5B6-4C40-A632-A151D6F624C6}.Debug|Any CPU.ActiveCfg = Debug|Any CPU
		{1948070D-A5B6-4C40-A632-A151D6F624C6}.Debug|Any CPU.Build.0 = Debug|Any CPU
		{1948070D-A5B6-4C40-A632-A151D6F624C6}.Release|Any CPU.ActiveCfg = Release|Any CPU
		{1948070D-A5B6-4C40-A632-A151D6F624C6}.Release|Any CPU.Build.0 = Release|Any CPU
		{54FAB595-909F-49C1-8FFF-AAC23089D81C}.Debug|Any CPU.ActiveCfg = Debug|Any CPU
		{54FAB595-909F-49C1-8FFF-AAC23089D81C}.Debug|Any CPU.Build.0 = Debug|Any CPU
		{54FAB595-909F-49C1-8FFF-AAC23089D81C}.Release|Any CPU.ActiveCfg = Release|Any CPU
		{54FAB595-909F-49C1-8FFF-AAC23089D81C}.Release|Any CPU.Build.0 = Release|Any CPU
		{CE820203-40C9-4AE7-B0C4-9F123F388105}.Debug|Any CPU.ActiveCfg = Debug|Any CPU
		{CE820203-40C9-4AE7-B0C4-9F123F388105}.Debug|Any CPU.Build.0 = Debug|Any CPU
		{CE820203-40C9-4AE7-B0C4-9F123F388105}.Release|Any CPU.ActiveCfg = Release|Any CPU
		{CE820203-40C9-4AE7-B0C4-9F123F388105}.Release|Any CPU.Build.0 = Release|Any CPU
		{B92ACF8F-1BB8-49C0-9A04-8C02B67C69DF}.Debug|Any CPU.ActiveCfg = Debug|Any CPU
		{B92ACF8F-1BB8-49C0-9A04-8C02B67C69DF}.Debug|Any CPU.Build.0 = Debug|Any CPU
		{B92ACF8F-1BB8-49C0-9A04-8C02B67C69DF}.Release|Any CPU.ActiveCfg = Release|Any CPU
		{B92ACF8F-1BB8-49C0-9A04-8C02B67C69DF}.Release|Any CPU.Build.0 = Release|Any CPU
	EndGlobalSection
	GlobalSection(SolutionProperties) = preSolution
		HideSolutionNode = FALSE
	EndGlobalSection
	GlobalSection(ExtensibilityGlobals) = postSolution
		SolutionGuid = {61860FEA-7A7D-40CF-B6EF-30F3C9EAA6B1}
	EndGlobalSection
EndGlobal
